
Microsoft Visual Studio Solution File, Format Version 12.00
# Visual Studio Version 16
VisualStudioVersion = 16.0.30517.126
MinimumVisualStudioVersion = 10.0.40219.1
Project("{FAE04EC0-301F-11D3-BF4B-00C04F79EFBC}") = "Console122Pyramid", "Console122Pyramid.csproj", "{4D1E3C82-00BF-462B-AB87-F34A4E432B68}"
EndProject
Global
	GlobalSection(SolutionConfigurationPlatforms) = preSolution
		Debug|Any CPU = Debug|Any CPU
		Release|Any CPU = Release|Any CPU
	EndGlobalSection
	GlobalSection(ProjectConfigurationPlatforms) = postSolution
		{4D1E3C82-00BF-462B-AB87-F34A4E432B68}.Debug|Any CPU.ActiveCfg = Debug|Any CPU
		{4D1E3C82-00BF-462B-AB87-F34A4E432B68}.Debug|Any CPU.Build.0 = Debug|Any CPU
		{4D1E3C82-00BF-462B-AB87-F34A4E432B68}.Release|Any CPU.ActiveCfg = Release|Any CPU
		{4D1E3C82-00BF-462B-AB87-F34A4E432B68}.Release|Any CPU.Build.0 = Release|Any CPU
	EndGlobalSection
	GlobalSection(SolutionProperties) = preSolution
		HideSolutionNode = FALSE
	EndGlobalSection
	GlobalSection(ExtensibilityGlobals) = postSolution
		SolutionGuid = {F1F4EB94-8D22-4F4C-9FFD-72F59AFF77A9}
	EndGlobalSection
EndGlobal
